// !$*UTF8*$!
{
	archiveVersion = 1;
	classes = {
	};
	objectVersion = 46;
	objects = {

/* Begin PBXBuildFile section */
		CCC48EF919AC21DC00892FB9 /* Foundation.framework in Frameworks */ = {isa = PBXBuildFile; fileRef = CCC48EF819AC21DC00892FB9 /* Foundation.framework */; };
		CCC48EFB19AC21DC00892FB9 /* CoreGraphics.framework in Frameworks */ = {isa = PBXBuildFile; fileRef = CCC48EFA19AC21DC00892FB9 /* CoreGraphics.framework */; };
		CCC48EFD19AC21DC00892FB9 /* UIKit.framework in Frameworks */ = {isa = PBXBuildFile; fileRef = CCC48EFC19AC21DC00892FB9 /* UIKit.framework */; };
		CCC48F0319AC21DC00892FB9 /* InfoPlist.strings in Resources */ = {isa = PBXBuildFile; fileRef = CCC48F0119AC21DC00892FB9 /* InfoPlist.strings */; };
		CCC48F0519AC21DC00892FB9 /* main.m in Sources */ = {isa = PBXBuildFile; fileRef = CCC48F0419AC21DC00892FB9 /* main.m */; };
		CCC48F0919AC21DC00892FB9 /* QYAppDelegate.m in Sources */ = {isa = PBXBuildFile; fileRef = CCC48F0819AC21DC00892FB9 /* QYAppDelegate.m */; };
		CCC48F0C19AC21DC00892FB9 /* Main.storyboard in Resources */ = {isa = PBXBuildFile; fileRef = CCC48F0A19AC21DC00892FB9 /* Main.storyboard */; };
		CCC48F0F19AC21DC00892FB9 /* QYViewController.m in Sources */ = {isa = PBXBuildFile; fileRef = CCC48F0E19AC21DC00892FB9 /* QYViewController.m */; };
		CCC48F1119AC21DC00892FB9 /* Images.xcassets in Resources */ = {isa = PBXBuildFile; fileRef = CCC48F1019AC21DC00892FB9 /* Images.xcassets */; };
		CCC48F1819AC21DC00892FB9 /* XCTest.framework in Frameworks */ = {isa = PBXBuildFile; fileRef = CCC48F1719AC21DC00892FB9 /* XCTest.framework */; };
		CCC48F1919AC21DC00892FB9 /* Foundation.framework in Frameworks */ = {isa = PBXBuildFile; fileRef = CCC48EF819AC21DC00892FB9 /* Foundation.framework */; };
		CCC48F1A19AC21DC00892FB9 /* UIKit.framework in Frameworks */ = {isa = PBXBuildFile; fileRef = CCC48EFC19AC21DC00892FB9 /* UIKit.framework */; };
		CCC48F2219AC21DC00892FB9 /* InfoPlist.strings in Resources */ = {isa = PBXBuildFile; fileRef = CCC48F2019AC21DC00892FB9 /* InfoPlist.strings */; };
		CCC48F2419AC21DC00892FB9 /* TestIDDemoTests.m in Sources */ = {isa = PBXBuildFile; fileRef = CCC48F2319AC21DC00892FB9 /* TestIDDemoTests.m */; };
/* End PBXBuildFile section */

/* Begin PBXContainerItemProxy section */
		CCC48F1B19AC21DC00892FB9 /* PBXContainerItemProxy */ = {
			isa = PBXContainerItemProxy;
			containerPortal = CCC48EED19AC21DC00892FB9 /* Project object */;
			proxyType = 1;
			remoteGlobalIDString = CCC48EF419AC21DC00892FB9;
			remoteInfo = TestIDDemo;
		};
/* End PBXContainerItemProxy section */

/* Begin PBXFileReference section */
		CCC48EF519AC21DC00892FB9 /* TestIDDemo.app */ = {isa = PBXFileReference; explicitFileType = wrapper.application; includeInIndex = 0; path = TestIDDemo.app; sourceTree = BUILT_PRODUCTS_DIR; };
		CCC48EF819AC21DC00892FB9 /* Foundation.framework */ = {isa = PBXFileReference; lastKnownFileType = wrapper.framework; name = Foundation.framework; path = System/Library/Frameworks/Foundation.framework; sourceTree = SDKROOT; };
		CCC48EFA19AC21DC00892FB9 /* CoreGraphics.framework */ = {isa = PBXFileReference; lastKnownFileType = wrapper.framework; name = CoreGraphics.framework; path = System/Library/Frameworks/CoreGraphics.framework; sourceTree = SDKROOT; };
		CCC48EFC19AC21DC00892FB9 /* UIKit.framework */ = {isa = PBXFileReference; lastKnownFileType = wrapper.framework; name = UIKit.framework; path = System/Library/Frameworks/UIKit.framework; sourceTree = SDKROOT; };
		CCC48F0019AC21DC00892FB9 /* TestIDDemo-Info.plist */ = {isa = PBXFileReference; lastKnownFileType = text.plist.xml; path = "TestIDDemo-Info.plist"; sourceTree = "<group>"; };
		CCC48F0219AC21DC00892FB9 /* en */ = {isa = PBXFileReference; lastKnownFileType = text.plist.strings; name = en; path = en.lproj/InfoPlist.strings; sourceTree = "<group>"; };
		CCC48F0419AC21DC00892FB9 /* main.m */ = {isa = PBXFileReference; lastKnownFileType = sourcecode.c.objc; path = main.m; sourceTree = "<group>"; };
		CCC48F0619AC21DC00892FB9 /* TestIDDemo-Prefix.pch */ = {isa = PBXFileReference; lastKnownFileType = sourcecode.c.h; path = "TestIDDemo-Prefix.pch"; sourceTree = "<group>"; };
		CCC48F0719AC21DC00892FB9 /* QYAppDelegate.h */ = {isa = PBXFileReference; lastKnownFileType = sourcecode.c.h; path = QYAppDelegate.h; sourceTree = "<group>"; };
		CCC48F0819AC21DC00892FB9 /* QYAppDelegate.m */ = {isa = PBXFileReference; lastKnownFileType = sourcecode.c.objc; path = QYAppDelegate.m; sourceTree = "<group>"; };
		CCC48F0B19AC21DC00892FB9 /* Base */ = {isa = PBXFileReference; lastKnownFileType = file.storyboard; name = Base; path = Base.lproj/Main.storyboard; sourceTree = "<group>"; };
		CCC48F0D19AC21DC00892FB9 /* QYViewController.h */ = {isa = PBXFileReference; lastKnownFileType = sourcecode.c.h; path = QYViewController.h; sourceTree = "<group>"; };
		CCC48F0E19AC21DC00892FB9 /* QYViewController.m */ = {isa = PBXFileReference; lastKnownFileType = sourcecode.c.objc; path = QYViewController.m; sourceTree = "<group>"; };
		CCC48F1019AC21DC00892FB9 /* Images.xcassets */ = {isa = PBXFileReference; lastKnownFileType = folder.assetcatalog; path = Images.xcassets; sourceTree = "<group>"; };
		CCC48F1619AC21DC00892FB9 /* TestIDDemoTests.xctest */ = {isa = PBXFileReference; explicitFileType = wrapper.cfbundle; includeInIndex = 0; path = TestIDDemoTests.xctest; sourceTree = BUILT_PRODUCTS_DIR; };
		CCC48F1719AC21DC00892FB9 /* XCTest.framework */ = {isa = PBXFileReference; lastKnownFileType = wrapper.framework; name = XCTest.framework; path = Library/Frameworks/XCTest.framework; sourceTree = DEVELOPER_DIR; };
		CCC48F1F19AC21DC00892FB9 /* TestIDDemoTests-Info.plist */ = {isa = PBXFileReference; lastKnownFileType = text.plist.xml; path = "TestIDDemoTests-Info.plist"; sourceTree = "<group>"; };
		CCC48F2119AC21DC00892FB9 /* en */ = {isa = PBXFileReference; lastKnownFileType = text.plist.strings; name = en; path = en.lproj/InfoPlist.strings; sourceTree = "<group>"; };
		CCC48F2319AC21DC00892FB9 /* TestIDDemoTests.m */ = {isa = PBXFileReference; lastKnownFileType = sourcecode.c.objc; path = TestIDDemoTests.m; sourceTree = "<group>"; };
/* End PBXFileReference section */

/* Begin PBXFrameworksBuildPhase section */
		CCC48EF219AC21DC00892FB9 /* Frameworks */ = {
			isa = PBXFrameworksBuildPhase;
			buildActionMask = 2147483647;
			files = (
				CCC48EFB19AC21DC00892FB9 /* CoreGraphics.framework in Frameworks */,
				CCC48EFD19AC21DC00892FB9 /* UIKit.framework in Frameworks */,
				CCC48EF919AC21DC00892FB9 /* Foundation.framework in Frameworks */,
			);
			runOnlyForDeploymentPostprocessing = 0;
		};
		CCC48F1319AC21DC00892FB9 /* Frameworks */ = {
			isa = PBXFrameworksBuildPhase;
			buildActionMask = 2147483647;
			files = (
				CCC48F1819AC21DC00892FB9 /* XCTest.framework in Frameworks */,
				CCC48F1A19AC21DC00892FB9 /* UIKit.framework in Frameworks */,
				CCC48F1919AC21DC00892FB9 /* Foundation.framework in Frameworks */,
			);
			runOnlyForDeploymentPostprocessing = 0;
		};
/* End PBXFrameworksBuildPhase section */

/* Begin PBXGroup section */
		CCC48EEC19AC21DC00892FB9 = {
			isa = PBXGroup;
			children = (
				CCC48EFE19AC21DC00892FB9 /* TestIDDemo */,
				CCC48F1D19AC21DC00892FB9 /* TestIDDemoTests */,
				CCC48EF719AC21DC00892FB9 /* Frameworks */,
				CCC48EF619AC21DC00892FB9 /* Products */,
			);
			sourceTree = "<group>";
		};
		CCC48EF619AC21DC00892FB9 /* Products */ = {
			isa = PBXGroup;
			children = (
				CCC48EF519AC21DC00892FB9 /* TestIDDemo.app */,
				CCC48F1619AC21DC00892FB9 /* TestIDDemoTests.xctest */,
			);
			name = Products;
			sourceTree = "<group>";
		};
		CCC48EF719AC21DC00892FB9 /* Frameworks */ = {
			isa = PBXGroup;
			children = (
				CCC48EF819AC21DC00892FB9 /* Foundation.framework */,
				CCC48EFA19AC21DC00892FB9 /* CoreGraphics.framework */,
				CCC48EFC19AC21DC00892FB9 /* UIKit.framework */,
				CCC48F1719AC21DC00892FB9 /* XCTest.framework */,
			);
			name = Frameworks;
			sourceTree = "<group>";
		};
		CCC48EFE19AC21DC00892FB9 /* TestIDDemo */ = {
			isa = PBXGroup;
			children = (
				CCC48F0719AC21DC00892FB9 /* QYAppDelegate.h */,
				CCC48F0819AC21DC00892FB9 /* QYAppDelegate.m */,
				CCC48F0A19AC21DC00892FB9 /* Main.storyboard */,
				CCC48F0D19AC21DC00892FB9 /* QYViewController.h */,
				CCC48F0E19AC21DC00892FB9 /* QYViewController.m */,
				CCC48F1019AC21DC00892FB9 /* Images.xcassets */,
				CCC48EFF19AC21DC00892FB9 /* Supporting Files */,
			);
			path = TestIDDemo;
			sourceTree = "<group>";
		};
		CCC48EFF19AC21DC00892FB9 /* Supporting Files */ = {
			isa = PBXGroup;
			children = (
				CCC48F0019AC21DC00892FB9 /* TestIDDemo-Info.plist */,
				CCC48F0119AC21DC00892FB9 /* InfoPlist.strings */,
				CCC48F0419AC21DC00892FB9 /* main.m */,
				CCC48F0619AC21DC00892FB9 /* TestIDDemo-Prefix.pch */,
			);
			name = "Supporting Files";
			sourceTree = "<group>";
		};
		CCC48F1D19AC21DC00892FB9 /* TestIDDemoTests */ = {
			isa = PBXGroup;
			children = (
				CCC48F2319AC21DC00892FB9 /* TestIDDemoTests.m */,
				CCC48F1E19AC21DC00892FB9 /* Supporting Files */,
			);
			path = TestIDDemoTests;
			sourceTree = "<group>";
		};
		CCC48F1E19AC21DC00892FB9 /* Supporting Files */ = {
			isa = PBXGroup;
			children = (
				CCC48F1F19AC21DC00892FB9 /* TestIDDemoTests-Info.plist */,
				CCC48F2019AC21DC00892FB9 /* InfoPlist.strings */,
			);
			name = "Supporting Files";
			sourceTree = "<group>";
		};
/* End PBXGroup section */

/* Begin PBXNativeTarget section */
		CCC48EF419AC21DC00892FB9 /* TestIDDemo */ = {
			isa = PBXNativeTarget;
			buildConfigurationList = CCC48F2719AC21DC00892FB9 /* Build configuration list for PBXNativeTarget "TestIDDemo" */;
			buildPhases = (
				CCC48EF119AC21DC00892FB9 /* Sources */,
				CCC48EF219AC21DC00892FB9 /* Frameworks */,
				CCC48EF319AC21DC00892FB9 /* Resources */,
			);
			buildRules = (
			);
			dependencies = (
			);
			name = TestIDDemo;
			productName = TestIDDemo;
			productReference = CCC48EF519AC21DC00892FB9 /* TestIDDemo.app */;
			productType = "com.apple.product-type.application";
		};
		CCC48F1519AC21DC00892FB9 /* TestIDDemoTests */ = {
			isa = PBXNativeTarget;
			buildConfigurationList = CCC48F2A19AC21DC00892FB9 /* Build configuration list for PBXNativeTarget "TestIDDemoTests" */;
			buildPhases = (
				CCC48F1219AC21DC00892FB9 /* Sources */,
				CCC48F1319AC21DC00892FB9 /* Frameworks */,
				CCC48F1419AC21DC00892FB9 /* Resources */,
			);
			buildRules = (
			);
			dependencies = (
				CCC48F1C19AC21DC00892FB9 /* PBXTargetDependency */,
			);
			name = TestIDDemoTests;
			productName = TestIDDemoTests;
			productReference = CCC48F1619AC21DC00892FB9 /* TestIDDemoTests.xctest */;
			productType = "com.apple.product-type.bundle.unit-test";
		};
/* End PBXNativeTarget section */

/* Begin PBXProject section */
		CCC48EED19AC21DC00892FB9 /* Project object */ = {
			isa = PBXProject;
			attributes = {
				CLASSPREFIX = QY;
				LastUpgradeCheck = 0510;
				ORGANIZATIONNAME = hnqingyun;
				TargetAttributes = {
					CCC48F1519AC21DC00892FB9 = {
						TestTargetID = CCC48EF419AC21DC00892FB9;
					};
				};
			};
			buildConfigurationList = CCC48EF019AC21DC00892FB9 /* Build configuration list for PBXProject "TestIDDemo" */;
			compatibilityVersion = "Xcode 3.2";
			developmentRegion = English;
			hasScannedForEncodings = 0;
			knownRegions = (
				en,
				Base,
			);
			mainGroup = CCC48EEC19AC21DC00892FB9;
			productRefGroup = CCC48EF619AC21DC00892FB9 /* Products */;
			projectDirPath = "";
			projectRoot = "";
			targets = (
				CCC48EF419AC21DC00892FB9 /* TestIDDemo */,
				CCC48F1519AC21DC00892FB9 /* TestIDDemoTests */,
			);
		};
/* End PBXProject section */

/* Begin PBXResourcesBuildPhase section */
		CCC48EF319AC21DC00892FB9 /* Resources */ = {
			isa = PBXResourcesBuildPhase;
			buildActionMask = 2147483647;
			files = (
				CCC48F1119AC21DC00892FB9 /* Images.xcassets in Resources */,
				CCC48F0319AC21DC00892FB9 /* InfoPlist.strings in Resources */,
				CCC48F0C19AC21DC00892FB9 /* Main.storyboard in Resources */,
			);
			runOnlyForDeploymentPostprocessing = 0;
		};
		CCC48F1419AC21DC00892FB9 /* Resources */ = {
			isa = PBXResourcesBuildPhase;
			buildActionMask = 2147483647;
			files = (
				CCC48F2219AC21DC00892FB9 /* InfoPlist.strings in Resources */,
			);
			runOnlyForDeploymentPostprocessing = 0;
		};
/* End PBXResourcesBuildPhase section */

/* Begin PBXSourcesBuildPhase section */
		CCC48EF119AC21DC00892FB9 /* Sources */ = {
			isa = PBXSourcesBuildPhase;
			buildActionMask = 2147483647;
			files = (
				CCC48F0919AC21DC00892FB9 /* QYAppDelegate.m in Sources */,
				CCC48F0519AC21DC00892FB9 /* main.m in Sources */,
				CCC48F0F19AC21DC00892FB9 /* QYViewController.m in Sources */,
			);
			runOnlyForDeploymentPostprocessing = 0;
		};
		CCC48F1219AC21DC00892FB9 /* Sources */ = {
			isa = PBXSourcesBuildPhase;
			buildActionMask = 2147483647;
			files = (
				CCC48F2419AC21DC00892FB9 /* TestIDDemoTests.m in Sources */,
			);
			runOnlyForDeploymentPostprocessing = 0;
		};
/* End PBXSourcesBuildPhase section */

/* Begin PBXTargetDependency section */
		CCC48F1C19AC21DC00892FB9 /* PBXTargetDependency */ = {
			isa = PBXTargetDependency;
			target = CCC48EF419AC21DC00892FB9 /* TestIDDemo */;
			targetProxy = CCC48F1B19AC21DC00892FB9 /* PBXContainerItemProxy */;
		};
/* End PBXTargetDependency section */

/* Begin PBXVariantGroup section */
		CCC48F0119AC21DC00892FB9 /* InfoPlist.strings */ = {
			isa = PBXVariantGroup;
			children = (
				CCC48F0219AC21DC00892FB9 /* en */,
			);
			name = InfoPlist.strings;
			sourceTree = "<group>";
		};
		CCC48F0A19AC21DC00892FB9 /* Main.storyboard */ = {
			isa = PBXVariantGroup;
			children = (
				CCC48F0B19AC21DC00892FB9 /* Base */,
			);
			name = Main.storyboard;
			sourceTree = "<group>";
		};
		CCC48F2019AC21DC00892FB9 /* InfoPlist.strings */ = {
			isa = PBXVariantGroup;
			children = (
				CCC48F2119AC21DC00892FB9 /* en */,
			);
			name = InfoPlist.strings;
			sourceTree = "<group>";
		};
/* End PBXVariantGroup section */

/* Begin XCBuildConfiguration section */
		CCC48F2519AC21DC00892FB9 /* Debug */ = {
			isa = XCBuildConfiguration;
			buildSettings = {
				ALWAYS_SEARCH_USER_PATHS = NO;
				CLANG_CXX_LANGUAGE_STANDARD = "gnu++0x";
				CLANG_CXX_LIBRARY = "libc++";
				CLANG_ENABLE_MODULES = YES;
				CLANG_ENABLE_OBJC_ARC = YES;
				CLANG_WARN_BOOL_CONVERSION = YES;
				CLANG_WARN_CONSTANT_CONVERSION = YES;
				CLANG_WARN_DIRECT_OBJC_ISA_USAGE = YES_ERROR;
				CLANG_WARN_EMPTY_BODY = YES;
				CLANG_WARN_ENUM_CONVERSION = YES;
				CLANG_WARN_INT_CONVERSION = YES;
				CLANG_WARN_OBJC_ROOT_CLASS = YES_ERROR;
				CLANG_WARN__DUPLICATE_METHOD_MATCH = YES;
				"CODE_SIGN_IDENTITY[sdk=iphoneos*]" = "iPhone Developer";
				COPY_PHASE_STRIP = NO;
				GCC_C_LANGUAGE_STANDARD = gnu99;
				GCC_DYNAMIC_NO_PIC = NO;
				GCC_OPTIMIZATION_LEVEL = 0;
				GCC_PREPROCESSOR_DEFINITIONS = (
					"DEBUG=1",
					"$(inherited)",
				);
				GCC_SYMBOLS_PRIVATE_EXTERN = NO;
				GCC_WARN_64_TO_32_BIT_CONVERSION = YES;
				GCC_WARN_ABOUT_RETURN_TYPE = YES_ERROR;
				GCC_WARN_UNDECLARED_SELECTOR = YES;
				GCC_WARN_UNINITIALIZED_AUTOS = YES_AGGRESSIVE;
				GCC_WARN_UNUSED_FUNCTION = YES;
				GCC_WARN_UNUSED_VARIABLE = YES;
				IPHONEOS_DEPLOYMENT_TARGET = 7.1;
				ONLY_ACTIVE_ARCH = YES;
				SDKROOT = iphoneos;
			};
			name = Debug;
		};
		CCC48F2619AC21DC00892FB9 /* Release */ = {
			isa = XCBuildConfiguration;
			buildSettings = {
				ALWAYS_SEARCH_USER_PATHS = NO;
				CLANG_CXX_LANGUAGE_STANDARD = "gnu++0x";
				CLANG_CXX_LIBRARY = "libc++";
				CLANG_ENABLE_MODULES = YES;
				CLANG_ENABLE_OBJC_ARC = YES;
				CLANG_WARN_BOOL_CONVERSION = YES;
				CLANG_WARN_CONSTANT_CONVERSION = YES;
				CLANG_WARN_DIRECT_OBJC_ISA_USAGE = YES_ERROR;
				CLANG_WARN_EMPTY_BODY = YES;
				CLANG_WARN_ENUM_CONVERSION = YES;
				CLANG_WARN_INT_CONVERSION = YES;
				CLANG_WARN_OBJC_ROOT_CLASS = YES_ERROR;
				CLANG_WARN__DUPLICATE_METHOD_MATCH = YES;
				"CODE_SIGN_IDENTITY[sdk=iphoneos*]" = "iPhone Developer";
				COPY_PHASE_STRIP = YES;
				ENABLE_NS_ASSERTIONS = NO;
				GCC_C_LANGUAGE_STANDARD = gnu99;
				GCC_WARN_64_TO_32_BIT_CONVERSION = YES;
				GCC_WARN_ABOUT_RETURN_TYPE = YES_ERROR;
				GCC_WARN_UNDECLARED_SELECTOR = YES;
				GCC_WARN_UNINITIALIZED_AUTOS = YES_AGGRESSIVE;
				GCC_WARN_UNUSED_FUNCTION = YES;
				GCC_WARN_UNUSED_VARIABLE = YES;
				IPHONEOS_DEPLOYMENT_TARGET = 7.1;
				SDKROOT = iphoneos;
				VALIDATE_PRODUCT = YES;
			};
			name = Release;
		};
		CCC48F2819AC21DC00892FB9 /* Debug */ = {
			isa = XCBuildConfiguration;
			buildSettings = {
				ASSETCATALOG_COMPILER_APPICON_NAME = AppIcon;
				ASSETCATALOG_COMPILER_LAUNCHIMAGE_NAME = LaunchImage;
				GCC_PRECOMPILE_PREFIX_HEADER = YES;
				GCC_PREFIX_HEADER = "TestIDDemo/TestIDDemo-Prefix.pch";
				INFOPLIST_FILE = "TestIDDemo/TestIDDemo-Info.plist";
				PRODUCT_NAME = "$(TARGET_NAME)";
				WRAPPER_EXTENSION = app;
			};
			name = Debug;
		};
		CCC48F2919AC21DC00892FB9 /* Release */ = {
			isa = XCBuildConfiguration;
			buildSettings = {
				ASSETCATALOG_COMPILER_APPICON_NAME = AppIcon;
				ASSETCATALOG_COMPILER_LAUNCHIMAGE_NAME = LaunchImage;
				GCC_PRECOMPILE_PREFIX_HEADER = YES;
				GCC_PREFIX_HEADER = "TestIDDemo/TestIDDemo-Prefix.pch";
				INFOPLIST_FILE = "TestIDDemo/TestIDDemo-Info.plist";
				PRODUCT_NAME = "$(TARGET_NAME)";
				WRAPPER_EXTENSION = app;
			};
			name = Release;
		};
		CCC48F2B19AC21DC00892FB9 /* Debug */ = {
			isa = XCBuildConfiguration;
			buildSettings = {
				BUNDLE_LOADER = "$(BUILT_PRODUCTS_DIR)/TestIDDemo.app/TestIDDemo";
				FRAMEWORK_SEARCH_PATHS = (
					"$(SDKROOT)/Developer/Library/Frameworks",
					"$(inherited)",
					"$(DEVELOPER_FRAMEWORKS_DIR)",
				);
				GCC_PRECOMPILE_PREFIX_HEADER = YES;
				GCC_PREFIX_HEADER = "TestIDDemo/TestIDDemo-Prefix.pch";
				GCC_PREPROCESSOR_DEFINITIONS = (
					"DEBUG=1",
					"$(inherited)",
				);
				INFOPLIST_FILE = "TestIDDemoTests/TestIDDemoTests-Info.plist";
				PRODUCT_NAME = "$(TARGET_NAME)";
				TEST_HOST = "$(BUNDLE_LOADER)";
				WRAPPER_EXTENSION = xctest;
			};
			name = Debug;
		};
		CCC48F2C19AC21DC00892FB9 /* Release */ = {
			isa = XCBuildConfiguration;
			buildSettings = {
				BUNDLE_LOADER = "$(BUILT_PRODUCTS_DIR)/TestIDDemo.app/TestIDDemo";
				FRAMEWORK_SEARCH_PATHS = (
					"$(SDKROOT)/Developer/Library/Frameworks",
					"$(inherited)",
					"$(DEVELOPER_FRAMEWORKS_DIR)",
				);
				GCC_PRECOMPILE_PREFIX_HEADER = YES;
				GCC_PREFIX_HEADER = "TestIDDemo/TestIDDemo-Prefix.pch";
				INFOPLIST_FILE = "TestIDDemoTests/TestIDDemoTests-Info.plist";
				PRODUCT_NAME = "$(TARGET_NAME)";
				TEST_HOST = "$(BUNDLE_LOADER)";
				WRAPPER_EXTENSION = xctest;
			};
			name = Release;
		};
/* End XCBuildConfiguration section */

/* Begin XCConfigurationList section */
		CCC48EF019AC21DC00892FB9 /* Build configuration list for PBXProject "TestIDDemo" */ = {
			isa = XCConfigurationList;
			buildConfigurations = (
				CCC48F2519AC21DC00892FB9 /* Debug */,
				CCC48F2619AC21DC00892FB9 /* Release */,
			);
			defaultConfigurationIsVisible = 0;
			defaultConfigurationName = Release;
		};
		CCC48F2719AC21DC00892FB9 /* Build configuration list for PBXNativeTarget "TestIDDemo" */ = {
			isa = XCConfigurationList;
			buildConfigurations = (
				CCC48F2819AC21DC00892FB9 /* Debug */,
				CCC48F2919AC21DC00892FB9 /* Release */,
			);
			defaultConfigurationIsVisible = 0;
		};
		CCC48F2A19AC21DC00892FB9 /* Build configuration list for PBXNativeTarget "TestIDDemoTests" */ = {
			isa = XCConfigurationList;
			buildConfigurations = (
				CCC48F2B19AC21DC00892FB9 /* Debug */,
				CCC48F2C19AC21DC00892FB9 /* Release */,
			);
			defaultConfigurationIsVisible = 0;
		};
/* End XCConfigurationList section */
	};
	rootObject = CCC48EED19AC21DC00892FB9 /* Project object */;
}
